
Microsoft Visual Studio Solution File, Format Version 12.00
# Visual Studio Version 17
VisualStudioVersion = 17.14.36623.8 d17.14
MinimumVisualStudioVersion = 10.0.40219.1
Project("{FAE04EC0-301F-11D3-BF4B-00C04F79EFBC}") = "speed-typing-test", "speed-typing-test\speed-typing-test.csproj", "{1210DF89-5182-4C9F-9273-D48319C1970B}"
EndProject
Global
	GlobalSection(SolutionConfigurationPlatforms) = preSolution
		Debug|Any CPU = Debug|Any CPU
		Release|Any CPU = Release|Any CPU
	EndGlobalSection
	GlobalSection(ProjectConfigurationPlatforms) = postSolution
		{1210DF89-5182-4C9F-9273-D48319C1970B}.Debug|Any CPU.ActiveCfg = Debug|Any CPU
		{1210DF89-5182-4C9F-9273-D48319C1970B}.Debug|Any CPU.Build.0 = Debug|Any CPU
		{1210DF89-5182-4C9F-9273-D48319C1970B}.Release|Any CPU.ActiveCfg = Release|Any CPU
		{1210DF89-5182-4C9F-9273-D48319C1970B}.Release|Any CPU.Build.0 = Release|Any CPU
	EndGlobalSection
	GlobalSection(SolutionProperties) = preSolution
		HideSolutionNode = FALSE
	EndGlobalSection
	GlobalSection(ExtensibilityGlobals) = postSolution
		SolutionGuid = {2780B3F4-F024-40A5-BF4D-C3EC02523A56}
	EndGlobalSection
EndGlobal
